// !$*UTF8*$!
{
	archiveVersion = 1;
	classes = {
	};
	objectVersion = 56;
	objects = {

/* Begin PBXBuildFile section */
		9C4708B729D54D000022F498 /* AddGrade.swift in Sources */ = {isa = PBXBuildFile; fileRef = 9C4708B629D54D000022F498 /* AddGrade.swift */; };
		9C48DAAA29DA3DB700F11D42 /* CalculateGPA.swift in Sources */ = {isa = PBXBuildFile; fileRef = 9C48DAA929DA3DB700F11D42 /* CalculateGPA.swift */; };
		9C48DAB029DA529200F11D42 /* AddGPACourse.swift in Sources */ = {isa = PBXBuildFile; fileRef = 9C48DAAF29DA529200F11D42 /* AddGPACourse.swift */; };
		9C48DAB229DA548B00F11D42 /* EditGPACourse.swift in Sources */ = {isa = PBXBuildFile; fileRef = 9C48DAB129DA548B00F11D42 /* EditGPACourse.swift */; };
		9C969E6029CC06F5008DA9B9 /* GradingCalculatorApp.swift in Sources */ = {isa = PBXBuildFile; fileRef = 9C969E5F29CC06F5008DA9B9 /* GradingCalculatorApp.swift */; };
		9C969E6229CC06F5008DA9B9 /* ContentView.swift in Sources */ = {isa = PBXBuildFile; fileRef = 9C969E6129CC06F5008DA9B9 /* ContentView.swift */; };
		9C969E6429CC06F7008DA9B9 /* Assets.xcassets in Resources */ = {isa = PBXBuildFile; fileRef = 9C969E6329CC06F7008DA9B9 /* Assets.xcassets */; };
		9C969E6729CC06F7008DA9B9 /* Preview Assets.xcassets in Resources */ = {isa = PBXBuildFile; fileRef = 9C969E6629CC06F7008DA9B9 /* Preview Assets.xcassets */; };
		9CABDA6329DBE1EE0030BD4E /* DataManager.swift in Sources */ = {isa = PBXBuildFile; fileRef = 9CABDA6229DBE1EE0030BD4E /* DataManager.swift */; };
		9CABDA6629DBE35B0030BD4E /* EZGradeCalcModel.xcdatamodeld in Sources */ = {isa = PBXBuildFile; fileRef = 9CABDA6429DBE35B0030BD4E /* EZGradeCalcModel.xcdatamodeld */; };
		9CAD8D7329D62766003B52DC /* EditGrade.swift in Sources */ = {isa = PBXBuildFile; fileRef = 9CAD8D7229D62766003B52DC /* EditGrade.swift */; };
		9CE7CDFB29CD65A500EAD968 /* CalculateGrade.swift in Sources */ = {isa = PBXBuildFile; fileRef = 9CE7CDFA29CD65A500EAD968 /* CalculateGrade.swift */; };
		9CF1857B29CC1710007B5B4F /* AddCourse.swift in Sources */ = {isa = PBXBuildFile; fileRef = 9CF1857A29CC1710007B5B4F /* AddCourse.swift */; };
		A2B11ECA29E0ED8200CFFEEB /* Course+CoreDataClass.swift in Sources */ = {isa = PBXBuildFile; fileRef = A2B11EC429E0ED8200CFFEEB /* Course+CoreDataClass.swift */; };
		A2B11ECB29E0ED8200CFFEEB /* Course+CoreDataProperties.swift in Sources */ = {isa = PBXBuildFile; fileRef = A2B11EC529E0ED8200CFFEEB /* Course+CoreDataProperties.swift */; };
		A2B11ECC29E0ED8200CFFEEB /* GPA+CoreDataClass.swift in Sources */ = {isa = PBXBuildFile; fileRef = A2B11EC629E0ED8200CFFEEB /* GPA+CoreDataClass.swift */; };
		A2B11ECD29E0ED8200CFFEEB /* GPA+CoreDataProperties.swift in Sources */ = {isa = PBXBuildFile; fileRef = A2B11EC729E0ED8200CFFEEB /* GPA+CoreDataProperties.swift */; };
		A2B11ECE29E0ED8200CFFEEB /* Grade+CoreDataClass.swift in Sources */ = {isa = PBXBuildFile; fileRef = A2B11EC829E0ED8200CFFEEB /* Grade+CoreDataClass.swift */; };
		A2B11ECF29E0ED8200CFFEEB /* Grade+CoreDataProperties.swift in Sources */ = {isa = PBXBuildFile; fileRef = A2B11EC929E0ED8200CFFEEB /* Grade+CoreDataProperties.swift */; };
/* End PBXBuildFile section */

/* Begin PBXFileReference section */
		9C4708B629D54D000022F498 /* AddGrade.swift */ = {isa = PBXFileReference; lastKnownFileType = sourcecode.swift; path = AddGrade.swift; sourceTree = "<group>"; };
		9C48DAA929DA3DB700F11D42 /* CalculateGPA.swift */ = {isa = PBXFileReference; lastKnownFileType = sourcecode.swift; path = CalculateGPA.swift; sourceTree = "<group>"; };
		9C48DAAF29DA529200F11D42 /* AddGPACourse.swift */ = {isa = PBXFileReference; lastKnownFileType = sourcecode.swift; path = AddGPACourse.swift; sourceTree = "<group>"; };
		9C48DAB129DA548B00F11D42 /* EditGPACourse.swift */ = {isa = PBXFileReference; lastKnownFileType = sourcecode.swift; path = EditGPACourse.swift; sourceTree = "<group>"; };
		9C969E5C29CC06F5008DA9B9 /* GradingCalculator.app */ = {isa = PBXFileReference; explicitFileType = wrapper.application; includeInIndex = 0; path = GradingCalculator.app; sourceTree = BUILT_PRODUCTS_DIR; };
		9C969E5F29CC06F5008DA9B9 /* GradingCalculatorApp.swift */ = {isa = PBXFileReference; lastKnownFileType = sourcecode.swift; path = GradingCalculatorApp.swift; sourceTree = "<group>"; };
		9C969E6129CC06F5008DA9B9 /* ContentView.swift */ = {isa = PBXFileReference; lastKnownFileType = sourcecode.swift; path = ContentView.swift; sourceTree = "<group>"; };
		9C969E6329CC06F7008DA9B9 /* Assets.xcassets */ = {isa = PBXFileReference; lastKnownFileType = folder.assetcatalog; path = Assets.xcassets; sourceTree = "<group>"; };
		9C969E6629CC06F7008DA9B9 /* Preview Assets.xcassets */ = {isa = PBXFileReference; lastKnownFileType = folder.assetcatalog; path = "Preview Assets.xcassets"; sourceTree = "<group>"; };
		9CABDA6229DBE1EE0030BD4E /* DataManager.swift */ = {isa = PBXFileReference; lastKnownFileType = sourcecode.swift; path = DataManager.swift; sourceTree = "<group>"; };
		9CABDA6529DBE35B0030BD4E /* EZGradeCalcModel.xcdatamodel */ = {isa = PBXFileReference; lastKnownFileType = wrapper.xcdatamodel; path = EZGradeCalcModel.xcdatamodel; sourceTree = "<group>"; };
		9CAD8D7229D62766003B52DC /* EditGrade.swift */ = {isa = PBXFileReference; lastKnownFileType = sourcecode.swift; path = EditGrade.swift; sourceTree = "<group>"; };
		9CE7CDFA29CD65A500EAD968 /* CalculateGrade.swift */ = {isa = PBXFileReference; lastKnownFileType = sourcecode.swift; path = CalculateGrade.swift; sourceTree = "<group>"; };
		9CF1857A29CC1710007B5B4F /* AddCourse.swift */ = {isa = PBXFileReference; lastKnownFileType = sourcecode.swift; path = AddCourse.swift; sourceTree = "<group>"; };
		A2B11EA729DFE01A00CFFEEB /* EZGradeCalcModel 2.xcdatamodel */ = {isa = PBXFileReference; lastKnownFileType = wrapper.xcdatamodel; path = "EZGradeCalcModel 2.xcdatamodel"; sourceTree = "<group>"; };
		A2B11EC429E0ED8200CFFEEB /* Course+CoreDataClass.swift */ = {isa = PBXFileReference; lastKnownFileType = sourcecode.swift; path = "Course+CoreDataClass.swift"; sourceTree = SOURCE_ROOT; };
		A2B11EC529E0ED8200CFFEEB /* Course+CoreDataProperties.swift */ = {isa = PBXFileReference; lastKnownFileType = sourcecode.swift; path = "Course+CoreDataProperties.swift"; sourceTree = SOURCE_ROOT; };
		A2B11EC629E0ED8200CFFEEB /* GPA+CoreDataClass.swift */ = {isa = PBXFileReference; lastKnownFileType = sourcecode.swift; path = "GPA+CoreDataClass.swift"; sourceTree = SOURCE_ROOT; };
		A2B11EC729E0ED8200CFFEEB /* GPA+CoreDataProperties.swift */ = {isa = PBXFileReference; lastKnownFileType = sourcecode.swift; path = "GPA+CoreDataProperties.swift"; sourceTree = SOURCE_ROOT; };
		A2B11EC829E0ED8200CFFEEB /* Grade+CoreDataClass.swift */ = {isa = PBXFileReference; lastKnownFileType = sourcecode.swift; path = "Grade+CoreDataClass.swift"; sourceTree = SOURCE_ROOT; };
		A2B11EC929E0ED8200CFFEEB /* Grade+CoreDataProperties.swift */ = {isa = PBXFileReference; lastKnownFileType = sourcecode.swift; path = "Grade+CoreDataProperties.swift"; sourceTree = SOURCE_ROOT; };
/* End PBXFileReference section */

/* Begin PBXFrameworksBuildPhase section */
		9C969E5929CC06F5008DA9B9 /* Frameworks */ = {
			isa = PBXFrameworksBuildPhase;
			buildActionMask = 2147483647;
			files = (
			);
			runOnlyForDeploymentPostprocessing = 0;
		};
/* End PBXFrameworksBuildPhase section */

/* Begin PBXGroup section */
		9C4708B829D54EBC0022F498 /* Views */ = {
			isa = PBXGroup;
			children = (
				9CF1857A29CC1710007B5B4F /* AddCourse.swift */,
				9C4708B629D54D000022F498 /* AddGrade.swift */,
				9C969E5F29CC06F5008DA9B9 /* GradingCalculatorApp.swift */,
				9C48DAA929DA3DB700F11D42 /* CalculateGPA.swift */,
				9CABDA6229DBE1EE0030BD4E /* DataManager.swift */,
				9CABDA6429DBE35B0030BD4E /* EZGradeCalcModel.xcdatamodeld */,
				9C48DAB129DA548B00F11D42 /* EditGPACourse.swift */,
				9C48DAAF29DA529200F11D42 /* AddGPACourse.swift */,
				9C969E6129CC06F5008DA9B9 /* ContentView.swift */,
				9CE7CDFA29CD65A500EAD968 /* CalculateGrade.swift */,
				9CAD8D7229D62766003B52DC /* EditGrade.swift */,
			);
			path = Views;
			sourceTree = "<group>";
		};
		9C969E5329CC06F5008DA9B9 = {
			isa = PBXGroup;
			children = (
				9C969E5E29CC06F5008DA9B9 /* GradingCalculator */,
				9C969E5D29CC06F5008DA9B9 /* Products */,
			);
			sourceTree = "<group>";
		};
		9C969E5D29CC06F5008DA9B9 /* Products */ = {
			isa = PBXGroup;
			children = (
				9C969E5C29CC06F5008DA9B9 /* GradingCalculator.app */,
			);
			name = Products;
			sourceTree = "<group>";
		};
		9C969E5E29CC06F5008DA9B9 /* GradingCalculator */ = {
			isa = PBXGroup;
			children = (
				A2B11EC429E0ED8200CFFEEB /* Course+CoreDataClass.swift */,
				A2B11EC529E0ED8200CFFEEB /* Course+CoreDataProperties.swift */,
				A2B11EC629E0ED8200CFFEEB /* GPA+CoreDataClass.swift */,
				A2B11EC729E0ED8200CFFEEB /* GPA+CoreDataProperties.swift */,
				A2B11EC829E0ED8200CFFEEB /* Grade+CoreDataClass.swift */,
				A2B11EC929E0ED8200CFFEEB /* Grade+CoreDataProperties.swift */,
				9C4708B829D54EBC0022F498 /* Views */,
				9C969E6329CC06F7008DA9B9 /* Assets.xcassets */,
				9C969E6529CC06F7008DA9B9 /* Preview Content */,
			);
			path = GradingCalculator;
			sourceTree = "<group>";
		};
		9C969E6529CC06F7008DA9B9 /* Preview Content */ = {
			isa = PBXGroup;
			children = (
				9C969E6629CC06F7008DA9B9 /* Preview Assets.xcassets */,
			);
			path = "Preview Content";
			sourceTree = "<group>";
		};
/* End PBXGroup section */

/* Begin PBXNativeTarget section */
		9C969E5B29CC06F5008DA9B9 /* GradingCalculator */ = {
			isa = PBXNativeTarget;
			buildConfigurationList = 9C969E6A29CC06F7008DA9B9 /* Build configuration list for PBXNativeTarget "GradingCalculator" */;
			buildPhases = (
				9C969E5829CC06F5008DA9B9 /* Sources */,
				9C969E5929CC06F5008DA9B9 /* Frameworks */,
				9C969E5A29CC06F5008DA9B9 /* Resources */,
			);
			buildRules = (
			);
			dependencies = (
			);
			name = GradingCalculator;
			productName = GradingCalculator;
			productReference = 9C969E5C29CC06F5008DA9B9 /* GradingCalculator.app */;
			productType = "com.apple.product-type.application";
		};
/* End PBXNativeTarget section */

/* Begin PBXProject section */
		9C969E5429CC06F5008DA9B9 /* Project object */ = {
			isa = PBXProject;
			attributes = {
				BuildIndependentTargetsInParallel = 1;
				LastSwiftUpdateCheck = 1420;
				LastUpgradeCheck = 1420;
				TargetAttributes = {
					9C969E5B29CC06F5008DA9B9 = {
						CreatedOnToolsVersion = 14.2;
					};
				};
			};
			buildConfigurationList = 9C969E5729CC06F5008DA9B9 /* Build configuration list for PBXProject "GradingCalculator" */;
			compatibilityVersion = "Xcode 14.0";
			developmentRegion = en;
			hasScannedForEncodings = 0;
			knownRegions = (
				en,
				Base,
			);
			mainGroup = 9C969E5329CC06F5008DA9B9;
			productRefGroup = 9C969E5D29CC06F5008DA9B9 /* Products */;
			projectDirPath = "";
			projectRoot = "";
			targets = (
				9C969E5B29CC06F5008DA9B9 /* GradingCalculator */,
			);
		};
/* End PBXProject section */

/* Begin PBXResourcesBuildPhase section */
		9C969E5A29CC06F5008DA9B9 /* Resources */ = {
			isa = PBXResourcesBuildPhase;
			buildActionMask = 2147483647;
			files = (
				9C969E6729CC06F7008DA9B9 /* Preview Assets.xcassets in Resources */,
				9C969E6429CC06F7008DA9B9 /* Assets.xcassets in Resources */,
			);
			runOnlyForDeploymentPostprocessing = 0;
		};
/* End PBXResourcesBuildPhase section */

/* Begin PBXSourcesBuildPhase section */
		9C969E5829CC06F5008DA9B9 /* Sources */ = {
			isa = PBXSourcesBuildPhase;
			buildActionMask = 2147483647;
			files = (
				9C969E6229CC06F5008DA9B9 /* ContentView.swift in Sources */,
				A2B11ECB29E0ED8200CFFEEB /* Course+CoreDataProperties.swift in Sources */,
				A2B11ECF29E0ED8200CFFEEB /* Grade+CoreDataProperties.swift in Sources */,
				9C48DAAA29DA3DB700F11D42 /* CalculateGPA.swift in Sources */,
				9C4708B729D54D000022F498 /* AddGrade.swift in Sources */,
				9CABDA6329DBE1EE0030BD4E /* DataManager.swift in Sources */,
				9CABDA6629DBE35B0030BD4E /* EZGradeCalcModel.xcdatamodeld in Sources */,
				9C969E6029CC06F5008DA9B9 /* GradingCalculatorApp.swift in Sources */,
				9CAD8D7329D62766003B52DC /* EditGrade.swift in Sources */,
				9C48DAB029DA529200F11D42 /* AddGPACourse.swift in Sources */,
				A2B11ECE29E0ED8200CFFEEB /* Grade+CoreDataClass.swift in Sources */,
				A2B11ECD29E0ED8200CFFEEB /* GPA+CoreDataProperties.swift in Sources */,
				A2B11ECA29E0ED8200CFFEEB /* Course+CoreDataClass.swift in Sources */,
				9C48DAB229DA548B00F11D42 /* EditGPACourse.swift in Sources */,
				9CE7CDFB29CD65A500EAD968 /* CalculateGrade.swift in Sources */,
				9CF1857B29CC1710007B5B4F /* AddCourse.swift in Sources */,
				A2B11ECC29E0ED8200CFFEEB /* GPA+CoreDataClass.swift in Sources */,
			);
			runOnlyForDeploymentPostprocessing = 0;
		};
/* End PBXSourcesBuildPhase section */

/* Begin XCBuildConfiguration section */
		9C969E6829CC06F7008DA9B9 /* Debug */ = {
			isa = XCBuildConfiguration;
			buildSettings = {
				ALWAYS_SEARCH_USER_PATHS = NO;
				CLANG_ANALYZER_NONNULL = YES;
				CLANG_ANALYZER_NUMBER_OBJECT_CONVERSION = YES_AGGRESSIVE;
				CLANG_CXX_LANGUAGE_STANDARD = "gnu++20";
				CLANG_ENABLE_MODULES = YES;
				CLANG_ENABLE_OBJC_ARC = YES;
				CLANG_ENABLE_OBJC_WEAK = YES;
				CLANG_WARN_BLOCK_CAPTURE_AUTORELEASING = YES;
				CLANG_WARN_BOOL_CONVERSION = YES;
				CLANG_WARN_COMMA = YES;
				CLANG_WARN_CONSTANT_CONVERSION = YES;
				CLANG_WARN_DEPRECATED_OBJC_IMPLEMENTATIONS = YES;
				CLANG_WARN_DIRECT_OBJC_ISA_USAGE = YES_ERROR;
				CLANG_WARN_DOCUMENTATION_COMMENTS = YES;
				CLANG_WARN_EMPTY_BODY = YES;
				CLANG_WARN_ENUM_CONVERSION = YES;
				CLANG_WARN_INFINITE_RECURSION = YES;
				CLANG_WARN_INT_CONVERSION = YES;
				CLANG_WARN_NON_LITERAL_NULL_CONVERSION = YES;
				CLANG_WARN_OBJC_IMPLICIT_RETAIN_SELF = YES;
				CLANG_WARN_OBJC_LITERAL_CONVERSION = YES;
				CLANG_WARN_OBJC_ROOT_CLASS = YES_ERROR;
				CLANG_WARN_QUOTED_INCLUDE_IN_FRAMEWORK_HEADER = YES;
				CLANG_WARN_RANGE_LOOP_ANALYSIS = YES;
				CLANG_WARN_STRICT_PROTOTYPES = YES;
				CLANG_WARN_SUSPICIOUS_MOVE = YES;
				CLANG_WARN_UNGUARDED_AVAILABILITY = YES_AGGRESSIVE;
				CLANG_WARN_UNREACHABLE_CODE = YES;
				CLANG_WARN__DUPLICATE_METHOD_MATCH = YES;
				COPY_PHASE_STRIP = NO;
				DEBUG_INFORMATION_FORMAT = dwarf;
				ENABLE_STRICT_OBJC_MSGSEND = YES;
				ENABLE_TESTABILITY = YES;
				GCC_C_LANGUAGE_STANDARD = gnu11;
				GCC_DYNAMIC_NO_PIC = NO;
				GCC_NO_COMMON_BLOCKS = YES;
				GCC_OPTIMIZATION_LEVEL = 0;
				GCC_PREPROCESSOR_DEFINITIONS = (
					"DEBUG=1",
					"$(inherited)",
				);
				GCC_WARN_64_TO_32_BIT_CONVERSION = YES;
				GCC_WARN_ABOUT_RETURN_TYPE = YES_ERROR;
				GCC_WARN_UNDECLARED_SELECTOR = YES;
				GCC_WARN_UNINITIALIZED_AUTOS = YES_AGGRESSIVE;
				GCC_WARN_UNUSED_FUNCTION = YES;
				GCC_WARN_UNUSED_VARIABLE = YES;
				IPHONEOS_DEPLOYMENT_TARGET = 16.2;
				MTL_ENABLE_DEBUG_INFO = INCLUDE_SOURCE;
				MTL_FAST_MATH = YES;
				ONLY_ACTIVE_ARCH = YES;
				SDKROOT = iphoneos;
				SWIFT_ACTIVE_COMPILATION_CONDITIONS = DEBUG;
				SWIFT_OPTIMIZATION_LEVEL = "-Onone";
			};
			name = Debug;
		};
		9C969E6929CC06F7008DA9B9 /* Release */ = {
			isa = XCBuildConfiguration;
			buildSettings = {
				ALWAYS_SEARCH_USER_PATHS = NO;
				CLANG_ANALYZER_NONNULL = YES;
				CLANG_ANALYZER_NUMBER_OBJECT_CONVERSION = YES_AGGRESSIVE;
				CLANG_CXX_LANGUAGE_STANDARD = "gnu++20";
				CLANG_ENABLE_MODULES = YES;
				CLANG_ENABLE_OBJC_ARC = YES;
				CLANG_ENABLE_OBJC_WEAK = YES;
				CLANG_WARN_BLOCK_CAPTURE_AUTORELEASING = YES;
				CLANG_WARN_BOOL_CONVERSION = YES;
				CLANG_WARN_COMMA = YES;
				CLANG_WARN_CONSTANT_CONVERSION = YES;
				CLANG_WARN_DEPRECATED_OBJC_IMPLEMENTATIONS = YES;
				CLANG_WARN_DIRECT_OBJC_ISA_USAGE = YES_ERROR;
				CLANG_WARN_DOCUMENTATION_COMMENTS = YES;
				CLANG_WARN_EMPTY_BODY = YES;
				CLANG_WARN_ENUM_CONVERSION = YES;
				CLANG_WARN_INFINITE_RECURSION = YES;
				CLANG_WARN_INT_CONVERSION = YES;
				CLANG_WARN_NON_LITERAL_NULL_CONVERSION = YES;
				CLANG_WARN_OBJC_IMPLICIT_RETAIN_SELF = YES;
				CLANG_WARN_OBJC_LITERAL_CONVERSION = YES;
				CLANG_WARN_OBJC_ROOT_CLASS = YES_ERROR;
				CLANG_WARN_QUOTED_INCLUDE_IN_FRAMEWORK_HEADER = YES;
				CLANG_WARN_RANGE_LOOP_ANALYSIS = YES;
				CLANG_WARN_STRICT_PROTOTYPES = YES;
				CLANG_WARN_SUSPICIOUS_MOVE = YES;
				CLANG_WARN_UNGUARDED_AVAILABILITY = YES_AGGRESSIVE;
				CLANG_WARN_UNREACHABLE_CODE = YES;
				CLANG_WARN__DUPLICATE_METHOD_MATCH = YES;
				COPY_PHASE_STRIP = NO;
				DEBUG_INFORMATION_FORMAT = "dwarf-with-dsym";
				ENABLE_NS_ASSERTIONS = NO;
				ENABLE_STRICT_OBJC_MSGSEND = YES;
				GCC_C_LANGUAGE_STANDARD = gnu11;
				GCC_NO_COMMON_BLOCKS = YES;
				GCC_WARN_64_TO_32_BIT_CONVERSION = YES;
				GCC_WARN_ABOUT_RETURN_TYPE = YES_ERROR;
				GCC_WARN_UNDECLARED_SELECTOR = YES;
				GCC_WARN_UNINITIALIZED_AUTOS = YES_AGGRESSIVE;
				GCC_WARN_UNUSED_FUNCTION = YES;
				GCC_WARN_UNUSED_VARIABLE = YES;
				IPHONEOS_DEPLOYMENT_TARGET = 16.2;
				MTL_ENABLE_DEBUG_INFO = NO;
				MTL_FAST_MATH = YES;
				SDKROOT = iphoneos;
				SWIFT_COMPILATION_MODE = wholemodule;
				SWIFT_OPTIMIZATION_LEVEL = "-O";
				VALIDATE_PRODUCT = YES;
			};
			name = Release;
		};
		9C969E6B29CC06F7008DA9B9 /* Debug */ = {
			isa = XCBuildConfiguration;
			buildSettings = {
				ASSETCATALOG_COMPILER_APPICON_NAME = AppIcon;
				ASSETCATALOG_COMPILER_GLOBAL_ACCENT_COLOR_NAME = AccentColor;
				CODE_SIGN_STYLE = Automatic;
				CURRENT_PROJECT_VERSION = 1;
				DEVELOPMENT_ASSET_PATHS = "\"GradingCalculator/Preview Content\"";
				DEVELOPMENT_TEAM = 36JMTF5C7N;
				ENABLE_PREVIEWS = YES;
				GENERATE_INFOPLIST_FILE = YES;
				INFOPLIST_KEY_CFBundleDisplayName = EZGradeCalc;
				INFOPLIST_KEY_LSApplicationCategoryType = "public.app-category.education";
				INFOPLIST_KEY_UIApplicationSceneManifest_Generation = YES;
				INFOPLIST_KEY_UIApplicationSupportsIndirectInputEvents = YES;
				INFOPLIST_KEY_UILaunchScreen_Generation = YES;
				INFOPLIST_KEY_UISupportedInterfaceOrientations_iPad = "UIInterfaceOrientationPortrait UIInterfaceOrientationPortraitUpsideDown UIInterfaceOrientationLandscapeLeft UIInterfaceOrientationLandscapeRight";
				INFOPLIST_KEY_UISupportedInterfaceOrientations_iPhone = "UIInterfaceOrientationPortrait UIInterfaceOrientationLandscapeLeft UIInterfaceOrientationLandscapeRight";
				IPHONEOS_DEPLOYMENT_TARGET = 16.0;
				LD_RUNPATH_SEARCH_PATHS = (
					"$(inherited)",
					"@executable_path/Frameworks",
				);
				MARKETING_VERSION = 1.0;
				PRODUCT_BUNDLE_IDENTIFIER = com.samuelbenicewicz.GradingCalculator;
				PRODUCT_NAME = "$(TARGET_NAME)";
				SWIFT_EMIT_LOC_STRINGS = YES;
				SWIFT_VERSION = 5.0;
				TARGETED_DEVICE_FAMILY = "1,2";
			};
			name = Debug;
		};
		9C969E6C29CC06F7008DA9B9 /* Release */ = {
			isa = XCBuildConfiguration;
			buildSettings = {
				ASSETCATALOG_COMPILER_APPICON_NAME = AppIcon;
				ASSETCATALOG_COMPILER_GLOBAL_ACCENT_COLOR_NAME = AccentColor;
				CODE_SIGN_STYLE = Automatic;
				CURRENT_PROJECT_VERSION = 1;
				DEVELOPMENT_ASSET_PATHS = "\"GradingCalculator/Preview Content\"";
				DEVELOPMENT_TEAM = 36JMTF5C7N;
				ENABLE_PREVIEWS = YES;
				GENERATE_INFOPLIST_FILE = YES;
				INFOPLIST_KEY_CFBundleDisplayName = EZGradeCalc;
				INFOPLIST_KEY_LSApplicationCategoryType = "public.app-category.education";
				INFOPLIST_KEY_UIApplicationSceneManifest_Generation = YES;
				INFOPLIST_KEY_UIApplicationSupportsIndirectInputEvents = YES;
				INFOPLIST_KEY_UILaunchScreen_Generation = YES;
				INFOPLIST_KEY_UISupportedInterfaceOrientations_iPad = "UIInterfaceOrientationPortrait UIInterfaceOrientationPortraitUpsideDown UIInterfaceOrientationLandscapeLeft UIInterfaceOrientationLandscapeRight";
				INFOPLIST_KEY_UISupportedInterfaceOrientations_iPhone = "UIInterfaceOrientationPortrait UIInterfaceOrientationLandscapeLeft UIInterfaceOrientationLandscapeRight";
				IPHONEOS_DEPLOYMENT_TARGET = 16.0;
				LD_RUNPATH_SEARCH_PATHS = (
					"$(inherited)",
					"@executable_path/Frameworks",
				);
				MARKETING_VERSION = 1.0;
				PRODUCT_BUNDLE_IDENTIFIER = com.samuelbenicewicz.GradingCalculator;
				PRODUCT_NAME = "$(TARGET_NAME)";
				SWIFT_EMIT_LOC_STRINGS = YES;
				SWIFT_VERSION = 5.0;
				TARGETED_DEVICE_FAMILY = "1,2";
			};
			name = Release;
		};
/* End XCBuildConfiguration section */

/* Begin XCConfigurationList section */
		9C969E5729CC06F5008DA9B9 /* Build configuration list for PBXProject "GradingCalculator" */ = {
			isa = XCConfigurationList;
			buildConfigurations = (
				9C969E6829CC06F7008DA9B9 /* Debug */,
				9C969E6929CC06F7008DA9B9 /* Release */,
			);
			defaultConfigurationIsVisible = 0;
			defaultConfigurationName = Release;
		};
		9C969E6A29CC06F7008DA9B9 /* Build configuration list for PBXNativeTarget "GradingCalculator" */ = {
			isa = XCConfigurationList;
			buildConfigurations = (
				9C969E6B29CC06F7008DA9B9 /* Debug */,
				9C969E6C29CC06F7008DA9B9 /* Release */,
			);
			defaultConfigurationIsVisible = 0;
			defaultConfigurationName = Release;
		};
/* End XCConfigurationList section */

/* Begin XCVersionGroup section */
		9CABDA6429DBE35B0030BD4E /* EZGradeCalcModel.xcdatamodeld */ = {
			isa = XCVersionGroup;
			children = (
				A2B11EA729DFE01A00CFFEEB /* EZGradeCalcModel 2.xcdatamodel */,
				9CABDA6529DBE35B0030BD4E /* EZGradeCalcModel.xcdatamodel */,
			);
			currentVersion = 9CABDA6529DBE35B0030BD4E /* EZGradeCalcModel.xcdatamodel */;
			path = EZGradeCalcModel.xcdatamodeld;
			sourceTree = "<group>";
			versionGroupType = wrapper.xcdatamodel;
		};
/* End XCVersionGroup section */
	};
	rootObject = 9C969E5429CC06F5008DA9B9 /* Project object */;
}
